// !$*UTF8*$!
{
	archiveVersion = 1;
	classes = {
	};
	objectVersion = 56;
	objects = {

/* Begin PBXBuildFile section */
		BDD883F829F465E300B19ECC /* LittleLemonApp.swift in Sources */ = {isa = PBXBuildFile; fileRef = BDD883F729F465E300B19ECC /* LittleLemonApp.swift */; };
		BDD883FC29F465E600B19ECC /* Assets.xcassets in Resources */ = {isa = PBXBuildFile; fileRef = BDD883FB29F465E600B19ECC /* Assets.xcassets */; };
		BDD883FF29F465E600B19ECC /* Preview Assets.xcassets in Resources */ = {isa = PBXBuildFile; fileRef = BDD883FE29F465E600B19ECC /* Preview Assets.xcassets */; };
		BDE3F5EC29F76162005FEC2C /* Onboarding.swift in Sources */ = {isa = PBXBuildFile; fileRef = BDE3F5EB29F76162005FEC2C /* Onboarding.swift */; };
		BDE3F5F029F76607005FEC2C /* Home.swift in Sources */ = {isa = PBXBuildFile; fileRef = BDE3F5EF29F76607005FEC2C /* Home.swift */; };
		BDE3F5F229F769E0005FEC2C /* UserProfile.swift in Sources */ = {isa = PBXBuildFile; fileRef = BDE3F5F129F769E0005FEC2C /* UserProfile.swift */; };
		BDE3F5F629F82BCD005FEC2C /* FetchedObjects.swift in Sources */ = {isa = PBXBuildFile; fileRef = BDE3F5F429F82BCD005FEC2C /* FetchedObjects.swift */; };
		BDE3F5F729F82BCD005FEC2C /* Persistence.swift in Sources */ = {isa = PBXBuildFile; fileRef = BDE3F5F529F82BCD005FEC2C /* Persistence.swift */; };
		BDE3F5F929F82C3C005FEC2C /* MenuList.swift in Sources */ = {isa = PBXBuildFile; fileRef = BDE3F5F829F82C3C005FEC2C /* MenuList.swift */; };
		BDE3F5FB29F82C57005FEC2C /* MenuItem.swift in Sources */ = {isa = PBXBuildFile; fileRef = BDE3F5FA29F82C57005FEC2C /* MenuItem.swift */; };
		BDE3F60029F8308E005FEC2C /* ExampleDatabase.xcdatamodeld in Sources */ = {isa = PBXBuildFile; fileRef = BDE3F5FE29F8308E005FEC2C /* ExampleDatabase.xcdatamodeld */; };
		BDE3F60329F83A74005FEC2C /* Dish+CoreDataClass.swift in Sources */ = {isa = PBXBuildFile; fileRef = BDE3F60129F83A74005FEC2C /* Dish+CoreDataClass.swift */; };
/* End PBXBuildFile section */

/* Begin PBXFileReference section */
		BDD883F429F465E300B19ECC /* LittleLemon.app */ = {isa = PBXFileReference; explicitFileType = wrapper.application; includeInIndex = 0; path = LittleLemon.app; sourceTree = BUILT_PRODUCTS_DIR; };
		BDD883F729F465E300B19ECC /* LittleLemonApp.swift */ = {isa = PBXFileReference; lastKnownFileType = sourcecode.swift; path = LittleLemonApp.swift; sourceTree = "<group>"; };
		BDD883FB29F465E600B19ECC /* Assets.xcassets */ = {isa = PBXFileReference; lastKnownFileType = folder.assetcatalog; path = Assets.xcassets; sourceTree = "<group>"; };
		BDD883FE29F465E600B19ECC /* Preview Assets.xcassets */ = {isa = PBXFileReference; lastKnownFileType = folder.assetcatalog; path = "Preview Assets.xcassets"; sourceTree = "<group>"; };
		BDE3F5EB29F76162005FEC2C /* Onboarding.swift */ = {isa = PBXFileReference; lastKnownFileType = sourcecode.swift; path = Onboarding.swift; sourceTree = "<group>"; };
		BDE3F5EF29F76607005FEC2C /* Home.swift */ = {isa = PBXFileReference; lastKnownFileType = sourcecode.swift; path = Home.swift; sourceTree = "<group>"; };
		BDE3F5F129F769E0005FEC2C /* UserProfile.swift */ = {isa = PBXFileReference; lastKnownFileType = sourcecode.swift; path = UserProfile.swift; sourceTree = "<group>"; };
		BDE3F5F429F82BCD005FEC2C /* FetchedObjects.swift */ = {isa = PBXFileReference; fileEncoding = 4; lastKnownFileType = sourcecode.swift; path = FetchedObjects.swift; sourceTree = "<group>"; };
		BDE3F5F529F82BCD005FEC2C /* Persistence.swift */ = {isa = PBXFileReference; fileEncoding = 4; lastKnownFileType = sourcecode.swift; path = Persistence.swift; sourceTree = "<group>"; };
		BDE3F5F829F82C3C005FEC2C /* MenuList.swift */ = {isa = PBXFileReference; lastKnownFileType = sourcecode.swift; path = MenuList.swift; sourceTree = "<group>"; };
		BDE3F5FA29F82C57005FEC2C /* MenuItem.swift */ = {isa = PBXFileReference; lastKnownFileType = sourcecode.swift; path = MenuItem.swift; sourceTree = "<group>"; };
		BDE3F5FF29F8308E005FEC2C /* ExampleDatabase.xcdatamodel */ = {isa = PBXFileReference; lastKnownFileType = wrapper.xcdatamodel; path = ExampleDatabase.xcdatamodel; sourceTree = "<group>"; };
		BDE3F60129F83A74005FEC2C /* Dish+CoreDataClass.swift */ = {isa = PBXFileReference; lastKnownFileType = sourcecode.swift; path = "Dish+CoreDataClass.swift"; sourceTree = "<group>"; };
/* End PBXFileReference section */

/* Begin PBXFrameworksBuildPhase section */
		BDD883F129F465E300B19ECC /* Frameworks */ = {
			isa = PBXFrameworksBuildPhase;
			buildActionMask = 2147483647;
			files = (
			);
			runOnlyForDeploymentPostprocessing = 0;
		};
/* End PBXFrameworksBuildPhase section */

/* Begin PBXGroup section */
		BDD883EB29F465E300B19ECC = {
			isa = PBXGroup;
			children = (
				BDD883F629F465E300B19ECC /* LittleLemon */,
				BDD883F529F465E300B19ECC /* Products */,
			);
			sourceTree = "<group>";
		};
		BDD883F529F465E300B19ECC /* Products */ = {
			isa = PBXGroup;
			children = (
				BDD883F429F465E300B19ECC /* LittleLemon.app */,
			);
			name = Products;
			sourceTree = "<group>";
		};
		BDD883F629F465E300B19ECC /* LittleLemon */ = {
			isa = PBXGroup;
			children = (
				BDD883F729F465E300B19ECC /* LittleLemonApp.swift */,
				BDE3F5F329F82BC3005FEC2C /* Core Data */,
				BDE3F5FC29F82FAE005FEC2C /* Model */,
				BDE3F5FD29F82FB7005FEC2C /* View */,
				BDD883FB29F465E600B19ECC /* Assets.xcassets */,
				BDD883FD29F465E600B19ECC /* Preview Content */,
			);
			path = LittleLemon;
			sourceTree = "<group>";
		};
		BDD883FD29F465E600B19ECC /* Preview Content */ = {
			isa = PBXGroup;
			children = (
				BDD883FE29F465E600B19ECC /* Preview Assets.xcassets */,
			);
			path = "Preview Content";
			sourceTree = "<group>";
		};
		BDE3F5F329F82BC3005FEC2C /* Core Data */ = {
			isa = PBXGroup;
			children = (
				BDE3F5F429F82BCD005FEC2C /* FetchedObjects.swift */,
				BDE3F5F529F82BCD005FEC2C /* Persistence.swift */,
				BDE3F5FE29F8308E005FEC2C /* ExampleDatabase.xcdatamodeld */,
				BDE3F60129F83A74005FEC2C /* Dish+CoreDataClass.swift */,
			);
			path = "Core Data";
			sourceTree = "<group>";
		};
		BDE3F5FC29F82FAE005FEC2C /* Model */ = {
			isa = PBXGroup;
			children = (
				BDE3F5F829F82C3C005FEC2C /* MenuList.swift */,
				BDE3F5FA29F82C57005FEC2C /* MenuItem.swift */,
			);
			path = Model;
			sourceTree = "<group>";
		};
		BDE3F5FD29F82FB7005FEC2C /* View */ = {
			isa = PBXGroup;
			children = (
				BDE3F5EB29F76162005FEC2C /* Onboarding.swift */,
				BDE3F5EF29F76607005FEC2C /* Home.swift */,
				BDE3F5F129F769E0005FEC2C /* UserProfile.swift */,
			);
			path = View;
			sourceTree = "<group>";
		};
/* End PBXGroup section */

/* Begin PBXNativeTarget section */
		BDD883F329F465E300B19ECC /* LittleLemon */ = {
			isa = PBXNativeTarget;
			buildConfigurationList = BDD8840229F465E600B19ECC /* Build configuration list for PBXNativeTarget "LittleLemon" */;
			buildPhases = (
				BDD883F029F465E300B19ECC /* Sources */,
				BDD883F129F465E300B19ECC /* Frameworks */,
				BDD883F229F465E300B19ECC /* Resources */,
			);
			buildRules = (
			);
			dependencies = (
			);
			name = LittleLemon;
			productName = LittleLemon;
			productReference = BDD883F429F465E300B19ECC /* LittleLemon.app */;
			productType = "com.apple.product-type.application";
		};
/* End PBXNativeTarget section */

/* Begin PBXProject section */
		BDD883EC29F465E300B19ECC /* Project object */ = {
			isa = PBXProject;
			attributes = {
				BuildIndependentTargetsInParallel = 1;
				LastSwiftUpdateCheck = 1410;
				LastUpgradeCheck = 1500;
				TargetAttributes = {
					BDD883F329F465E300B19ECC = {
						CreatedOnToolsVersion = 14.1;
					};
				};
			};
			buildConfigurationList = BDD883EF29F465E300B19ECC /* Build configuration list for PBXProject "LittleLemon" */;
			compatibilityVersion = "Xcode 14.0";
			developmentRegion = en;
			hasScannedForEncodings = 0;
			knownRegions = (
				en,
				Base,
			);
			mainGroup = BDD883EB29F465E300B19ECC;
			productRefGroup = BDD883F529F465E300B19ECC /* Products */;
			projectDirPath = "";
			projectRoot = "";
			targets = (
				BDD883F329F465E300B19ECC /* LittleLemon */,
			);
		};
/* End PBXProject section */

/* Begin PBXResourcesBuildPhase section */
		BDD883F229F465E300B19ECC /* Resources */ = {
			isa = PBXResourcesBuildPhase;
			buildActionMask = 2147483647;
			files = (
				BDD883FF29F465E600B19ECC /* Preview Assets.xcassets in Resources */,
				BDD883FC29F465E600B19ECC /* Assets.xcassets in Resources */,
			);
			runOnlyForDeploymentPostprocessing = 0;
		};
/* End PBXResourcesBuildPhase section */

/* Begin PBXSourcesBuildPhase section */
		BDD883F029F465E300B19ECC /* Sources */ = {
			isa = PBXSourcesBuildPhase;
			buildActionMask = 2147483647;
			files = (
				BDE3F5F929F82C3C005FEC2C /* MenuList.swift in Sources */,
				BDE3F5EC29F76162005FEC2C /* Onboarding.swift in Sources */,
				BDE3F5F629F82BCD005FEC2C /* FetchedObjects.swift in Sources */,
				BDE3F5F729F82BCD005FEC2C /* Persistence.swift in Sources */,
				BDE3F60029F8308E005FEC2C /* ExampleDatabase.xcdatamodeld in Sources */,
				BDE3F60329F83A74005FEC2C /* Dish+CoreDataClass.swift in Sources */,
				BDE3F5F229F769E0005FEC2C /* UserProfile.swift in Sources */,
				BDE3F5FB29F82C57005FEC2C /* MenuItem.swift in Sources */,
				BDE3F5F029F76607005FEC2C /* Home.swift in Sources */,
				BDD883F829F465E300B19ECC /* LittleLemonApp.swift in Sources */,
			);
			runOnlyForDeploymentPostprocessing = 0;
		};
/* End PBXSourcesBuildPhase section */

/* Begin XCBuildConfiguration section */
		BDD8840029F465E600B19ECC /* Debug */ = {
			isa = XCBuildConfiguration;
			buildSettings = {
				ALWAYS_SEARCH_USER_PATHS = NO;
				CLANG_ANALYZER_NONNULL = YES;
				CLANG_ANALYZER_NUMBER_OBJECT_CONVERSION = YES_AGGRESSIVE;
				CLANG_CXX_LANGUAGE_STANDARD = "gnu++20";
				CLANG_ENABLE_MODULES = YES;
				CLANG_ENABLE_OBJC_ARC = YES;
				CLANG_ENABLE_OBJC_WEAK = YES;
				CLANG_WARN_BLOCK_CAPTURE_AUTORELEASING = YES;
				CLANG_WARN_BOOL_CONVERSION = YES;
				CLANG_WARN_COMMA = YES;
				CLANG_WARN_CONSTANT_CONVERSION = YES;
				CLANG_WARN_DEPRECATED_OBJC_IMPLEMENTATIONS = YES;
				CLANG_WARN_DIRECT_OBJC_ISA_USAGE = YES_ERROR;
				CLANG_WARN_DOCUMENTATION_COMMENTS = YES;
				CLANG_WARN_EMPTY_BODY = YES;
				CLANG_WARN_ENUM_CONVERSION = YES;
				CLANG_WARN_INFINITE_RECURSION = YES;
				CLANG_WARN_INT_CONVERSION = YES;
				CLANG_WARN_NON_LITERAL_NULL_CONVERSION = YES;
				CLANG_WARN_OBJC_IMPLICIT_RETAIN_SELF = YES;
				CLANG_WARN_OBJC_LITERAL_CONVERSION = YES;
				CLANG_WARN_OBJC_ROOT_CLASS = YES_ERROR;
				CLANG_WARN_QUOTED_INCLUDE_IN_FRAMEWORK_HEADER = YES;
				CLANG_WARN_RANGE_LOOP_ANALYSIS = YES;
				CLANG_WARN_STRICT_PROTOTYPES = YES;
				CLANG_WARN_SUSPICIOUS_MOVE = YES;
				CLANG_WARN_UNGUARDED_AVAILABILITY = YES_AGGRESSIVE;
				CLANG_WARN_UNREACHABLE_CODE = YES;
				CLANG_WARN__DUPLICATE_METHOD_MATCH = YES;
				COPY_PHASE_STRIP = NO;
				DEBUG_INFORMATION_FORMAT = dwarf;
				ENABLE_STRICT_OBJC_MSGSEND = YES;
				ENABLE_TESTABILITY = YES;
				ENABLE_USER_SCRIPT_SANDBOXING = YES;
				GCC_C_LANGUAGE_STANDARD = gnu11;
				GCC_DYNAMIC_NO_PIC = NO;
				GCC_NO_COMMON_BLOCKS = YES;
				GCC_OPTIMIZATION_LEVEL = 0;
				GCC_PREPROCESSOR_DEFINITIONS = (
					"DEBUG=1",
					"$(inherited)",
				);
				GCC_WARN_64_TO_32_BIT_CONVERSION = YES;
				GCC_WARN_ABOUT_RETURN_TYPE = YES_ERROR;
				GCC_WARN_UNDECLARED_SELECTOR = YES;
				GCC_WARN_UNINITIALIZED_AUTOS = YES_AGGRESSIVE;
				GCC_WARN_UNUSED_FUNCTION = YES;
				GCC_WARN_UNUSED_VARIABLE = YES;
				IPHONEOS_DEPLOYMENT_TARGET = 16.1;
				MTL_ENABLE_DEBUG_INFO = INCLUDE_SOURCE;
				MTL_FAST_MATH = YES;
				ONLY_ACTIVE_ARCH = YES;
				SDKROOT = iphoneos;
				SWIFT_ACTIVE_COMPILATION_CONDITIONS = DEBUG;
				SWIFT_OPTIMIZATION_LEVEL = "-Onone";
			};
			name = Debug;
		};
		BDD8840129F465E600B19ECC /* Release */ = {
			isa = XCBuildConfiguration;
			buildSettings = {
				ALWAYS_SEARCH_USER_PATHS = NO;
				CLANG_ANALYZER_NONNULL = YES;
				CLANG_ANALYZER_NUMBER_OBJECT_CONVERSION = YES_AGGRESSIVE;
				CLANG_CXX_LANGUAGE_STANDARD = "gnu++20";
				CLANG_ENABLE_MODULES = YES;
				CLANG_ENABLE_OBJC_ARC = YES;
				CLANG_ENABLE_OBJC_WEAK = YES;
				CLANG_WARN_BLOCK_CAPTURE_AUTORELEASING = YES;
				CLANG_WARN_BOOL_CONVERSION = YES;
				CLANG_WARN_COMMA = YES;
				CLANG_WARN_CONSTANT_CONVERSION = YES;
				CLANG_WARN_DEPRECATED_OBJC_IMPLEMENTATIONS = YES;
				CLANG_WARN_DIRECT_OBJC_ISA_USAGE = YES_ERROR;
				CLANG_WARN_DOCUMENTATION_COMMENTS = YES;
				CLANG_WARN_EMPTY_BODY = YES;
				CLANG_WARN_ENUM_CONVERSION = YES;
				CLANG_WARN_INFINITE_RECURSION = YES;
				CLANG_WARN_INT_CONVERSION = YES;
				CLANG_WARN_NON_LITERAL_NULL_CONVERSION = YES;
				CLANG_WARN_OBJC_IMPLICIT_RETAIN_SELF = YES;
				CLANG_WARN_OBJC_LITERAL_CONVERSION = YES;
				CLANG_WARN_OBJC_ROOT_CLASS = YES_ERROR;
				CLANG_WARN_QUOTED_INCLUDE_IN_FRAMEWORK_HEADER = YES;
				CLANG_WARN_RANGE_LOOP_ANALYSIS = YES;
				CLANG_WARN_STRICT_PROTOTYPES = YES;
				CLANG_WARN_SUSPICIOUS_MOVE = YES;
				CLANG_WARN_UNGUARDED_AVAILABILITY = YES_AGGRESSIVE;
				CLANG_WARN_UNREACHABLE_CODE = YES;
				CLANG_WARN__DUPLICATE_METHOD_MATCH = YES;
				COPY_PHASE_STRIP = NO;
				DEBUG_INFORMATION_FORMAT = "dwarf-with-dsym";
				ENABLE_NS_ASSERTIONS = NO;
				ENABLE_STRICT_OBJC_MSGSEND = YES;
				ENABLE_USER_SCRIPT_SANDBOXING = YES;
				GCC_C_LANGUAGE_STANDARD = gnu11;
				GCC_NO_COMMON_BLOCKS = YES;
				GCC_WARN_64_TO_32_BIT_CONVERSION = YES;
				GCC_WARN_ABOUT_RETURN_TYPE = YES_ERROR;
				GCC_WARN_UNDECLARED_SELECTOR = YES;
				GCC_WARN_UNINITIALIZED_AUTOS = YES_AGGRESSIVE;
				GCC_WARN_UNUSED_FUNCTION = YES;
				GCC_WARN_UNUSED_VARIABLE = YES;
				IPHONEOS_DEPLOYMENT_TARGET = 16.1;
				MTL_ENABLE_DEBUG_INFO = NO;
				MTL_FAST_MATH = YES;
				SDKROOT = iphoneos;
				SWIFT_COMPILATION_MODE = wholemodule;
				SWIFT_OPTIMIZATION_LEVEL = "-O";
				VALIDATE_PRODUCT = YES;
			};
			name = Release;
		};
		BDD8840329F465E600B19ECC /* Debug */ = {
			isa = XCBuildConfiguration;
			buildSettings = {
				ASSETCATALOG_COMPILER_APPICON_NAME = AppIcon;
				ASSETCATALOG_COMPILER_GLOBAL_ACCENT_COLOR_NAME = AccentColor;
				CODE_SIGN_STYLE = Automatic;
				CURRENT_PROJECT_VERSION = 1;
				DEVELOPMENT_ASSET_PATHS = "\"LittleLemon/Preview Content\"";
				DEVELOPMENT_TEAM = YX7WNQ5JX3;
				ENABLE_PREVIEWS = YES;
				GENERATE_INFOPLIST_FILE = YES;
				INFOPLIST_KEY_UIApplicationSceneManifest_Generation = YES;
				INFOPLIST_KEY_UIApplicationSupportsIndirectInputEvents = YES;
				INFOPLIST_KEY_UILaunchScreen_Generation = YES;
				INFOPLIST_KEY_UISupportedInterfaceOrientations = UIInterfaceOrientationPortrait;
				INFOPLIST_KEY_UISupportedInterfaceOrientations_iPad = "UIInterfaceOrientationLandscapeLeft UIInterfaceOrientationLandscapeRight UIInterfaceOrientationPortrait UIInterfaceOrientationPortraitUpsideDown";
				LD_RUNPATH_SEARCH_PATHS = (
					"$(inherited)",
					"@executable_path/Frameworks",
				);
				MARKETING_VERSION = 1.0;
				PRODUCT_BUNDLE_IDENTIFIER = com.chandru;
				PRODUCT_NAME = "$(TARGET_NAME)";
				SWIFT_EMIT_LOC_STRINGS = YES;
				SWIFT_VERSION = 5.0;
				TARGETED_DEVICE_FAMILY = "1,2";
			};
			name = Debug;
		};
		BDD8840429F465E600B19ECC /* Release */ = {
			isa = XCBuildConfiguration;
			buildSettings = {
				ASSETCATALOG_COMPILER_APPICON_NAME = AppIcon;
				ASSETCATALOG_COMPILER_GLOBAL_ACCENT_COLOR_NAME = AccentColor;
				CODE_SIGN_STYLE = Automatic;
				CURRENT_PROJECT_VERSION = 1;
				DEVELOPMENT_ASSET_PATHS = "\"LittleLemon/Preview Content\"";
				DEVELOPMENT_TEAM = YX7WNQ5JX3;
				ENABLE_PREVIEWS = YES;
				GENERATE_INFOPLIST_FILE = YES;
				INFOPLIST_KEY_UIApplicationSceneManifest_Generation = YES;
				INFOPLIST_KEY_UIApplicationSupportsIndirectInputEvents = YES;
				INFOPLIST_KEY_UILaunchScreen_Generation = YES;
				INFOPLIST_KEY_UISupportedInterfaceOrientations = UIInterfaceOrientationPortrait;
				INFOPLIST_KEY_UISupportedInterfaceOrientations_iPad = "UIInterfaceOrientationLandscapeLeft UIInterfaceOrientationLandscapeRight UIInterfaceOrientationPortrait UIInterfaceOrientationPortraitUpsideDown";
				LD_RUNPATH_SEARCH_PATHS = (
					"$(inherited)",
					"@executable_path/Frameworks",
				);
				MARKETING_VERSION = 1.0;
				PRODUCT_BUNDLE_IDENTIFIER = com.chandru;
				PRODUCT_NAME = "$(TARGET_NAME)";
				SWIFT_EMIT_LOC_STRINGS = YES;
				SWIFT_VERSION = 5.0;
				TARGETED_DEVICE_FAMILY = "1,2";
			};
			name = Release;
		};
/* End XCBuildConfiguration section */

/* Begin XCConfigurationList section */
		BDD883EF29F465E300B19ECC /* Build configuration list for PBXProject "LittleLemon" */ = {
			isa = XCConfigurationList;
			buildConfigurations = (
				BDD8840029F465E600B19ECC /* Debug */,
				BDD8840129F465E600B19ECC /* Release */,
			);
			defaultConfigurationIsVisible = 0;
			defaultConfigurationName = Release;
		};
		BDD8840229F465E600B19ECC /* Build configuration list for PBXNativeTarget "LittleLemon" */ = {
			isa = XCConfigurationList;
			buildConfigurations = (
				BDD8840329F465E600B19ECC /* Debug */,
				BDD8840429F465E600B19ECC /* Release */,
			);
			defaultConfigurationIsVisible = 0;
			defaultConfigurationName = Release;
		};
/* End XCConfigurationList section */

/* Begin XCVersionGroup section */
		BDE3F5FE29F8308E005FEC2C /* ExampleDatabase.xcdatamodeld */ = {
			isa = XCVersionGroup;
			children = (
				BDE3F5FF29F8308E005FEC2C /* ExampleDatabase.xcdatamodel */,
			);
			currentVersion = BDE3F5FF29F8308E005FEC2C /* ExampleDatabase.xcdatamodel */;
			path = ExampleDatabase.xcdatamodeld;
			sourceTree = "<group>";
			versionGroupType = wrapper.xcdatamodel;
		};
/* End XCVersionGroup section */
	};
	rootObject = BDD883EC29F465E300B19ECC /* Project object */;
}
